{
  "name": "ai-scripts",
  "version": "1.0.0",
  "lockfileVersion": 3,
  "requires": true,
  "packages": {
    "": {
      "name": "ai-scripts",
      "version": "1.0.0",
      "license": "ISC",
      "dependencies": {
        "replicate": "^0.12.1"
      }
    },
    "node_modules/replicate": {
      "version": "0.12.1",
      "resolved": "https://registry.npmjs.org/replicate/-/replicate-0.12.1.tgz",
      "integrity": "sha512-Y95yeJte+kkPVkLrdEkHJUj3qwqhGHUf32YOn6Vc+7pVYAVAvY6Pd1MQgHatHjqNo+lStQzypta7zPiF2D0b4g=="
    }
  }
}
